
Microsoft Visual Studio Solution File, Format Version 12.00
# Visual Studio Version 17
VisualStudioVersion = 17.5.002.0
MinimumVisualStudioVersion = 10.0.40219.1
Project("{9A19103F-16F7-4668-BE54-9A1E7A4F7556}") = "FilmesAPI", "FilmesAPI.csproj", "{87F0B7E8-6583-4BA0-A7EC-08AD221B802E}"
EndProject
Global
	GlobalSection(SolutionConfigurationPlatforms) = preSolution
		Debug|Any CPU = Debug|Any CPU
		Release|Any CPU = Release|Any CPU
	EndGlobalSection
	GlobalSection(ProjectConfigurationPlatforms) = postSolution
		{87F0B7E8-6583-4BA0-A7EC-08AD221B802E}.Debug|Any CPU.ActiveCfg = Debug|Any CPU
		{87F0B7E8-6583-4BA0-A7EC-08AD221B802E}.Debug|Any CPU.Build.0 = Debug|Any CPU
		{87F0B7E8-6583-4BA0-A7EC-08AD221B802E}.Release|Any CPU.ActiveCfg = Release|Any CPU
		{87F0B7E8-6583-4BA0-A7EC-08AD221B802E}.Release|Any CPU.Build.0 = Release|Any CPU
	EndGlobalSection
	GlobalSection(SolutionProperties) = preSolution
		HideSolutionNode = FALSE
	EndGlobalSection
	GlobalSection(ExtensibilityGlobals) = postSolution
		SolutionGuid = {0F30F573-7BED-4BBC-A9D8-39AA041F1DAC}
	EndGlobalSection
EndGlobal
